
Microsoft Visual Studio Solution File, Format Version 12.00
# Visual Studio 15
VisualStudioVersion = 15.0.28010.2036
MinimumVisualStudioVersion = 10.0.40219.1
Project("{FAE04EC0-301F-11D3-BF4B-00C04F79EFBC}") = "InsertionSortWeek1", "InsertionSortWeek1\InsertionSortWeek1.csproj", "{14D17F5E-44D4-45E0-BE94-8A7AA834A3F3}"
EndProject
Global
	GlobalSection(SolutionConfigurationPlatforms) = preSolution
		Debug|Any CPU = Debug|Any CPU
		Release|Any CPU = Release|Any CPU
	EndGlobalSection
	GlobalSection(ProjectConfigurationPlatforms) = postSolution
		{14D17F5E-44D4-45E0-BE94-8A7AA834A3F3}.Debug|Any CPU.ActiveCfg = Debug|Any CPU
		{14D17F5E-44D4-45E0-BE94-8A7AA834A3F3}.Debug|Any CPU.Build.0 = Debug|Any CPU
		{14D17F5E-44D4-45E0-BE94-8A7AA834A3F3}.Release|Any CPU.ActiveCfg = Release|Any CPU
		{14D17F5E-44D4-45E0-BE94-8A7AA834A3F3}.Release|Any CPU.Build.0 = Release|Any CPU
	EndGlobalSection
	GlobalSection(SolutionProperties) = preSolution
		HideSolutionNode = FALSE
	EndGlobalSection
	GlobalSection(ExtensibilityGlobals) = postSolution
		SolutionGuid = {E2948C55-163B-4C32-8FC4-42CC01A1AD0D}
	EndGlobalSection
EndGlobal
